{
  "name": "wowfy",
  "version": "1.0.0",
  "lockfileVersion": 3,
  "requires": true,
  "packages": {
    "": {
      "name": "wowfy",
      "version": "1.0.0",
      "dependencies": {
        "@capacitor/android": "8.5.2",
        "@capacitor/core": "8.5.2",
        "@capacitor/status-bar": "8.0.4"
      },
      "devDependencies": {
        "@capacitor/cli": "8.5.2",
        "typescript": "5.9.3"
      }
    }
  }
}
