{
  "name": "wowfy",
  "version": "1.0.0",
  "lockfileVersion": 3,
  "requires": true,
  "packages": {
    "": {
      "name": "wowfy",
      "version": "1.0.0",
      "dependencies": {
        "@capacitor/android": "8.0.3",
        "@capacitor/core": "8.0.3",
        "@capacitor/status-bar": "8.0.3"
      },
      "devDependencies": {
        "@capacitor/cli": "8.0.3"
      }
    }
  }
}
